
Microsoft Visual Studio Solution File, Format Version 12.00
# Visual Studio 15
VisualStudioVersion = 15.0.28307.329
MinimumVisualStudioVersion = 10.0.40219.1
Project("{FAE04EC0-301F-11D3-BF4B-00C04F79EFBC}") = "MarkItDesktop", "MarkItDesktop\MarkItDesktop.csproj", "{B7832CF4-DA9E-478B-95C1-803D2C3CB123}"
EndProject
Global
	GlobalSection(SolutionConfigurationPlatforms) = preSolution
		Debug|Any CPU = Debug|Any CPU
		Release|Any CPU = Release|Any CPU
	EndGlobalSection
	GlobalSection(ProjectConfigurationPlatforms) = postSolution
		{B7832CF4-DA9E-478B-95C1-803D2C3CB123}.Debug|Any CPU.ActiveCfg = Debug|Any CPU
		{B7832CF4-DA9E-478B-95C1-803D2C3CB123}.Debug|Any CPU.Build.0 = Debug|Any CPU
		{B7832CF4-DA9E-478B-95C1-803D2C3CB123}.Release|Any CPU.ActiveCfg = Release|Any CPU
		{B7832CF4-DA9E-478B-95C1-803D2C3CB123}.Release|Any CPU.Build.0 = Release|Any CPU
	EndGlobalSection
	GlobalSection(SolutionProperties) = preSolution
		HideSolutionNode = FALSE
	EndGlobalSection
	GlobalSection(ExtensibilityGlobals) = postSolution
		SolutionGuid = {8AA2BDF8-0404-4722-9A6A-19E3B395E236}
	EndGlobalSection
EndGlobal
